
Microsoft Visual Studio Solution File, Format Version 12.00
# Visual Studio 2013
VisualStudioVersion = 12.0.21005.1
MinimumVisualStudioVersion = 10.0.40219.1
Project("{FAE04EC0-301F-11D3-BF4B-00C04F79EFBC}") = "ConfigFileToCBCode", "ConfigFileToCBCode.csproj", "{ED721721-5550-4892-80EF-F6F8ECF1C33A}"
EndProject
Project("{FAE04EC0-301F-11D3-BF4B-00C04F79EFBC}") = "LinearAlgebra", "..\LinearAlgebra\LinearAlgebra.csproj", "{5036A783-B604-4C62-9C4F-E359A3ED020C}"
EndProject
Global
	GlobalSection(SolutionConfigurationPlatforms) = preSolution
		Debug|Any CPU = Debug|Any CPU
		Release|Any CPU = Release|Any CPU
	EndGlobalSection
	GlobalSection(ProjectConfigurationPlatforms) = postSolution
		{ED721721-5550-4892-80EF-F6F8ECF1C33A}.Debug|Any CPU.ActiveCfg = Debug|Any CPU
		{ED721721-5550-4892-80EF-F6F8ECF1C33A}.Debug|Any CPU.Build.0 = Debug|Any CPU
		{ED721721-5550-4892-80EF-F6F8ECF1C33A}.Release|Any CPU.ActiveCfg = Release|Any CPU
		{ED721721-5550-4892-80EF-F6F8ECF1C33A}.Release|Any CPU.Build.0 = Release|Any CPU
		{5036A783-B604-4C62-9C4F-E359A3ED020C}.Debug|Any CPU.ActiveCfg = Debug|Any CPU
		{5036A783-B604-4C62-9C4F-E359A3ED020C}.Debug|Any CPU.Build.0 = Debug|Any CPU
		{5036A783-B604-4C62-9C4F-E359A3ED020C}.Release|Any CPU.ActiveCfg = Release|Any CPU
		{5036A783-B604-4C62-9C4F-E359A3ED020C}.Release|Any CPU.Build.0 = Release|Any CPU
	EndGlobalSection
	GlobalSection(SolutionProperties) = preSolution
		HideSolutionNode = FALSE
	EndGlobalSection
EndGlobal
